
Microsoft Visual Studio Solution File, Format Version 12.00
# Visual Studio 14
VisualStudioVersion = 14.0.25420.1
MinimumVisualStudioVersion = 10.0.40219.1
Project("{FAE04EC0-301F-11D3-BF4B-00C04F79EFBC}") = "WebApplicationTest", "WebApplicationTest\WebApplicationTest.csproj", "{8E4E9AFB-2D80-4266-82C5-40E6C6DE9589}"
EndProject
Project("{FAE04EC0-301F-11D3-BF4B-00C04F79EFBC}") = "WebApplicationTest.Tests", "WebApplicationTest.Tests\WebApplicationTest.Tests.csproj", "{B02FF697-FAD9-4231-985A-0A3D535C9C7B}"
EndProject
Global
	GlobalSection(SolutionConfigurationPlatforms) = preSolution
		Debug|Any CPU = Debug|Any CPU
		Release|Any CPU = Release|Any CPU
	EndGlobalSection
	GlobalSection(ProjectConfigurationPlatforms) = postSolution
		{8E4E9AFB-2D80-4266-82C5-40E6C6DE9589}.Debug|Any CPU.ActiveCfg = Debug|Any CPU
		{8E4E9AFB-2D80-4266-82C5-40E6C6DE9589}.Debug|Any CPU.Build.0 = Debug|Any CPU
		{8E4E9AFB-2D80-4266-82C5-40E6C6DE9589}.Release|Any CPU.ActiveCfg = Release|Any CPU
		{8E4E9AFB-2D80-4266-82C5-40E6C6DE9589}.Release|Any CPU.Build.0 = Release|Any CPU
		{B02FF697-FAD9-4231-985A-0A3D535C9C7B}.Debug|Any CPU.ActiveCfg = Debug|Any CPU
		{B02FF697-FAD9-4231-985A-0A3D535C9C7B}.Debug|Any CPU.Build.0 = Debug|Any CPU
		{B02FF697-FAD9-4231-985A-0A3D535C9C7B}.Release|Any CPU.ActiveCfg = Release|Any CPU
		{B02FF697-FAD9-4231-985A-0A3D535C9C7B}.Release|Any CPU.Build.0 = Release|Any CPU
	EndGlobalSection
	GlobalSection(SolutionProperties) = preSolution
		HideSolutionNode = FALSE
	EndGlobalSection
EndGlobal
